
Microsoft Visual Studio Solution File, Format Version 12.00
# Visual Studio Version 17
VisualStudioVersion = 17.7.34202.233
MinimumVisualStudioVersion = 10.0.40219.1
Project("{FAE04EC0-301F-11D3-BF4B-00C04F79EFBC}") = "TextMangLib", "TextMangLib\TextMangLib.csproj", "{7D239F94-C4F9-4879-B066-3C9535A64354}"
EndProject
Global
	GlobalSection(SolutionConfigurationPlatforms) = preSolution
		Debug|Any CPU = Debug|Any CPU
		Release|Any CPU = Release|Any CPU
	EndGlobalSection
	GlobalSection(ProjectConfigurationPlatforms) = postSolution
		{7D239F94-C4F9-4879-B066-3C9535A64354}.Debug|Any CPU.ActiveCfg = Debug|Any CPU
		{7D239F94-C4F9-4879-B066-3C9535A64354}.Debug|Any CPU.Build.0 = Debug|Any CPU
		{7D239F94-C4F9-4879-B066-3C9535A64354}.Release|Any CPU.ActiveCfg = Release|Any CPU
		{7D239F94-C4F9-4879-B066-3C9535A64354}.Release|Any CPU.Build.0 = Release|Any CPU
	EndGlobalSection
	GlobalSection(SolutionProperties) = preSolution
		HideSolutionNode = FALSE
	EndGlobalSection
	GlobalSection(ExtensibilityGlobals) = postSolution
		SolutionGuid = {3CDB7073-D2C5-40F5-A5E4-A729AA7B752B}
	EndGlobalSection
EndGlobal
